
Microsoft Visual Studio Solution File, Format Version 12.00
# Visual Studio Version 17
VisualStudioVersion = 17.11.35327.3
MinimumVisualStudioVersion = 10.0.40219.1
Project("{FAE04EC0-301F-11D3-BF4B-00C04F79EFBC}") = "ProjetoRespostaAvaliacao", "ProjetoRespostaAvaliacao\ProjetoRespostaAvaliacao.csproj", "{68FFCE2C-6C09-4934-B94A-9E0EB78B3899}"
EndProject
Global
	GlobalSection(SolutionConfigurationPlatforms) = preSolution
		Debug|Any CPU = Debug|Any CPU
		Release|Any CPU = Release|Any CPU
	EndGlobalSection
	GlobalSection(ProjectConfigurationPlatforms) = postSolution
		{68FFCE2C-6C09-4934-B94A-9E0EB78B3899}.Debug|Any CPU.ActiveCfg = Debug|Any CPU
		{68FFCE2C-6C09-4934-B94A-9E0EB78B3899}.Debug|Any CPU.Build.0 = Debug|Any CPU
		{68FFCE2C-6C09-4934-B94A-9E0EB78B3899}.Release|Any CPU.ActiveCfg = Release|Any CPU
		{68FFCE2C-6C09-4934-B94A-9E0EB78B3899}.Release|Any CPU.Build.0 = Release|Any CPU
	EndGlobalSection
	GlobalSection(SolutionProperties) = preSolution
		HideSolutionNode = FALSE
	EndGlobalSection
	GlobalSection(ExtensibilityGlobals) = postSolution
		SolutionGuid = {549D08F0-0B19-4DEF-89F0-DCF40EA5B61F}
	EndGlobalSection
EndGlobal
